// !$*UTF8*$!
{
	archiveVersion = 1;
	classes = {
	};
	objectVersion = 56;
	objects = {

/* Begin PBXBuildFile section */
		EE499AA02C7F9EAB00BDB3C5 /* Champion_SlotsApp.swift in Sources */ = {isa = PBXBuildFile; fileRef = EE499A9F2C7F9EAB00BDB3C5 /* Champion_SlotsApp.swift */; };
		EE499AA22C7F9EAB00BDB3C5 /* ContentView.swift in Sources */ = {isa = PBXBuildFile; fileRef = EE499AA12C7F9EAB00BDB3C5 /* ContentView.swift */; };
		EE499AA42C7F9EAD00BDB3C5 /* Assets.xcassets in Resources */ = {isa = PBXBuildFile; fileRef = EE499AA32C7F9EAD00BDB3C5 /* Assets.xcassets */; };
		EE499AA72C7F9EAD00BDB3C5 /* Preview Assets.xcassets in Resources */ = {isa = PBXBuildFile; fileRef = EE499AA62C7F9EAD00BDB3C5 /* Preview Assets.xcassets */; };
		EE499AB02C7F9F0200BDB3C5 /* LoadGameSlotsView.swift in Sources */ = {isa = PBXBuildFile; fileRef = EE499AAF2C7F9F0200BDB3C5 /* LoadGameSlotsView.swift */; };
		EE499AB22C7FA42000BDB3C5 /* Bungee-Regular.ttf in Resources */ = {isa = PBXBuildFile; fileRef = EE499AB12C7FA42000BDB3C5 /* Bungee-Regular.ttf */; };
		EE499AB62C7FA4D100BDB3C5 /* OnBoardingView.swift in Sources */ = {isa = PBXBuildFile; fileRef = EE499AB52C7FA4D100BDB3C5 /* OnBoardingView.swift */; };
		EE499ABA2C7FAD4800BDB3C5 /* SlotsListView.swift in Sources */ = {isa = PBXBuildFile; fileRef = EE499AB92C7FAD4800BDB3C5 /* SlotsListView.swift */; };
		EE499ABE2C7FAE6200BDB3C5 /* GameView.swift in Sources */ = {isa = PBXBuildFile; fileRef = EE499ABD2C7FAE6200BDB3C5 /* GameView.swift */; };
		EE499AC12C7FAF5E00BDB3C5 /* SpinFortScene.swift in Sources */ = {isa = PBXBuildFile; fileRef = EE499AC02C7FAF5E00BDB3C5 /* SpinFortScene.swift */; };
		EE499AC32C7FBB5E00BDB3C5 /* SportsSlotsScene.swift in Sources */ = {isa = PBXBuildFile; fileRef = EE499AC22C7FBB5E00BDB3C5 /* SportsSlotsScene.swift */; };
		EE499AC52C80BC9600BDB3C5 /* GaloreGemsSlotScene.swift in Sources */ = {isa = PBXBuildFile; fileRef = EE499AC42C80BC9600BDB3C5 /* GaloreGemsSlotScene.swift */; };
		EE499AC92C80C22000BDB3C5 /* ShopView.swift in Sources */ = {isa = PBXBuildFile; fileRef = EE499AC82C80C22000BDB3C5 /* ShopView.swift */; };
		EE499ACB2C80C22B00BDB3C5 /* ShopManager.swift in Sources */ = {isa = PBXBuildFile; fileRef = EE499ACA2C80C22B00BDB3C5 /* ShopManager.swift */; };
		EE499ACD2C80C3E700BDB3C5 /* ShopIds.plist in Resources */ = {isa = PBXBuildFile; fileRef = EE499ACC2C80C3E700BDB3C5 /* ShopIds.plist */; };
		EE499ACF2C80C4D700BDB3C5 /* UserManager.swift in Sources */ = {isa = PBXBuildFile; fileRef = EE499ACE2C80C4D700BDB3C5 /* UserManager.swift */; };
		EE499AD22C80C8D000BDB3C5 /* DailyBonusView.swift in Sources */ = {isa = PBXBuildFile; fileRef = EE499AD12C80C8D000BDB3C5 /* DailyBonusView.swift */; };
		EE499AD42C80C8E000BDB3C5 /* DailyBonusManager.swift in Sources */ = {isa = PBXBuildFile; fileRef = EE499AD32C80C8E000BDB3C5 /* DailyBonusManager.swift */; };
/* End PBXBuildFile section */

/* Begin PBXFileReference section */
		EE499A9C2C7F9EAB00BDB3C5 /* Champion Games.app */ = {isa = PBXFileReference; explicitFileType = wrapper.application; includeInIndex = 0; path = "Champion Games.app"; sourceTree = BUILT_PRODUCTS_DIR; };
		EE499A9F2C7F9EAB00BDB3C5 /* Champion_SlotsApp.swift */ = {isa = PBXFileReference; lastKnownFileType = sourcecode.swift; path = Champion_SlotsApp.swift; sourceTree = "<group>"; };
		EE499AA12C7F9EAB00BDB3C5 /* ContentView.swift */ = {isa = PBXFileReference; lastKnownFileType = sourcecode.swift; path = ContentView.swift; sourceTree = "<group>"; };
		EE499AA32C7F9EAD00BDB3C5 /* Assets.xcassets */ = {isa = PBXFileReference; lastKnownFileType = folder.assetcatalog; path = Assets.xcassets; sourceTree = "<group>"; };
		EE499AA62C7F9EAD00BDB3C5 /* Preview Assets.xcassets */ = {isa = PBXFileReference; lastKnownFileType = folder.assetcatalog; path = "Preview Assets.xcassets"; sourceTree = "<group>"; };
		EE499AAF2C7F9F0200BDB3C5 /* LoadGameSlotsView.swift */ = {isa = PBXFileReference; lastKnownFileType = sourcecode.swift; path = LoadGameSlotsView.swift; sourceTree = "<group>"; };
		EE499AB12C7FA42000BDB3C5 /* Bungee-Regular.ttf */ = {isa = PBXFileReference; lastKnownFileType = file; path = "Bungee-Regular.ttf"; sourceTree = "<group>"; };
		EE499AB32C7FA42C00BDB3C5 /* Champion-Slots-Info.plist */ = {isa = PBXFileReference; lastKnownFileType = text.plist; path = "Champion-Slots-Info.plist"; sourceTree = SOURCE_ROOT; };
		EE499AB52C7FA4D100BDB3C5 /* OnBoardingView.swift */ = {isa = PBXFileReference; lastKnownFileType = sourcecode.swift; path = OnBoardingView.swift; sourceTree = "<group>"; };
		EE499AB92C7FAD4800BDB3C5 /* SlotsListView.swift */ = {isa = PBXFileReference; lastKnownFileType = sourcecode.swift; path = SlotsListView.swift; sourceTree = "<group>"; };
		EE499ABD2C7FAE6200BDB3C5 /* GameView.swift */ = {isa = PBXFileReference; lastKnownFileType = sourcecode.swift; path = GameView.swift; sourceTree = "<group>"; };
		EE499AC02C7FAF5E00BDB3C5 /* SpinFortScene.swift */ = {isa = PBXFileReference; lastKnownFileType = sourcecode.swift; path = SpinFortScene.swift; sourceTree = "<group>"; };
		EE499AC22C7FBB5E00BDB3C5 /* SportsSlotsScene.swift */ = {isa = PBXFileReference; lastKnownFileType = sourcecode.swift; path = SportsSlotsScene.swift; sourceTree = "<group>"; };
		EE499AC42C80BC9600BDB3C5 /* GaloreGemsSlotScene.swift */ = {isa = PBXFileReference; lastKnownFileType = sourcecode.swift; path = GaloreGemsSlotScene.swift; sourceTree = "<group>"; };
		EE499AC72C80C21600BDB3C5 /* Product.storekit */ = {isa = PBXFileReference; lastKnownFileType = text; path = Product.storekit; sourceTree = "<group>"; };
		EE499AC82C80C22000BDB3C5 /* ShopView.swift */ = {isa = PBXFileReference; lastKnownFileType = sourcecode.swift; path = ShopView.swift; sourceTree = "<group>"; };
		EE499ACA2C80C22B00BDB3C5 /* ShopManager.swift */ = {isa = PBXFileReference; lastKnownFileType = sourcecode.swift; path = ShopManager.swift; sourceTree = "<group>"; };
		EE499ACC2C80C3E700BDB3C5 /* ShopIds.plist */ = {isa = PBXFileReference; lastKnownFileType = text.plist.xml; path = ShopIds.plist; sourceTree = "<group>"; };
		EE499ACE2C80C4D700BDB3C5 /* UserManager.swift */ = {isa = PBXFileReference; lastKnownFileType = sourcecode.swift; path = UserManager.swift; sourceTree = "<group>"; };
		EE499AD12C80C8D000BDB3C5 /* DailyBonusView.swift */ = {isa = PBXFileReference; lastKnownFileType = sourcecode.swift; path = DailyBonusView.swift; sourceTree = "<group>"; };
		EE499AD32C80C8E000BDB3C5 /* DailyBonusManager.swift */ = {isa = PBXFileReference; lastKnownFileType = sourcecode.swift; path = DailyBonusManager.swift; sourceTree = "<group>"; };
/* End PBXFileReference section */

/* Begin PBXFrameworksBuildPhase section */
		EE499A992C7F9EAB00BDB3C5 /* Frameworks */ = {
			isa = PBXFrameworksBuildPhase;
			buildActionMask = 2147483647;
			files = (
			);
			runOnlyForDeploymentPostprocessing = 0;
		};
/* End PBXFrameworksBuildPhase section */

/* Begin PBXGroup section */
		EE499A932C7F9EAB00BDB3C5 = {
			isa = PBXGroup;
			children = (
				EE499A9E2C7F9EAB00BDB3C5 /* Champion Slots */,
				EE499A9D2C7F9EAB00BDB3C5 /* Products */,
			);
			sourceTree = "<group>";
		};
		EE499A9D2C7F9EAB00BDB3C5 /* Products */ = {
			isa = PBXGroup;
			children = (
				EE499A9C2C7F9EAB00BDB3C5 /* Champion Games.app */,
			);
			name = Products;
			sourceTree = "<group>";
		};
		EE499A9E2C7F9EAB00BDB3C5 /* Champion Slots */ = {
			isa = PBXGroup;
			children = (
				EE499AB32C7FA42C00BDB3C5 /* Champion-Slots-Info.plist */,
				EE499AB12C7FA42000BDB3C5 /* Bungee-Regular.ttf */,
				EE499AAD2C7F9EDB00BDB3C5 /* Content */,
				EE499A9F2C7F9EAB00BDB3C5 /* Champion_SlotsApp.swift */,
				EE499AA12C7F9EAB00BDB3C5 /* ContentView.swift */,
				EE499AA32C7F9EAD00BDB3C5 /* Assets.xcassets */,
				EE499AA52C7F9EAD00BDB3C5 /* Preview Content */,
				EE499ACC2C80C3E700BDB3C5 /* ShopIds.plist */,
				EE499ACE2C80C4D700BDB3C5 /* UserManager.swift */,
			);
			path = "Champion Slots";
			sourceTree = "<group>";
		};
		EE499AA52C7F9EAD00BDB3C5 /* Preview Content */ = {
			isa = PBXGroup;
			children = (
				EE499AA62C7F9EAD00BDB3C5 /* Preview Assets.xcassets */,
			);
			path = "Preview Content";
			sourceTree = "<group>";
		};
		EE499AAD2C7F9EDB00BDB3C5 /* Content */ = {
			isa = PBXGroup;
			children = (
				EE499AD02C80C8BF00BDB3C5 /* DailyBonus */,
				EE499AC62C80C1FD00BDB3C5 /* Shop */,
				EE499ABB2C7FAE5600BDB3C5 /* Slots */,
				EE499AB72C7FAD3200BDB3C5 /* SlotsList */,
				EE499AB42C7FA4C300BDB3C5 /* OnBoarding */,
				EE499AAE2C7F9EED00BDB3C5 /* LoadGame */,
			);
			path = Content;
			sourceTree = "<group>";
		};
		EE499AAE2C7F9EED00BDB3C5 /* LoadGame */ = {
			isa = PBXGroup;
			children = (
				EE499AAF2C7F9F0200BDB3C5 /* LoadGameSlotsView.swift */,
			);
			path = LoadGame;
			sourceTree = "<group>";
		};
		EE499AB42C7FA4C300BDB3C5 /* OnBoarding */ = {
			isa = PBXGroup;
			children = (
				EE499AB52C7FA4D100BDB3C5 /* OnBoardingView.swift */,
			);
			path = OnBoarding;
			sourceTree = "<group>";
		};
		EE499AB72C7FAD3200BDB3C5 /* SlotsList */ = {
			isa = PBXGroup;
			children = (
				EE499AB92C7FAD4800BDB3C5 /* SlotsListView.swift */,
			);
			path = SlotsList;
			sourceTree = "<group>";
		};
		EE499ABB2C7FAE5600BDB3C5 /* Slots */ = {
			isa = PBXGroup;
			children = (
				EE499ABF2C7FAF5200BDB3C5 /* Scenes */,
				EE499ABC2C7FAE5B00BDB3C5 /* Screens */,
			);
			path = Slots;
			sourceTree = "<group>";
		};
		EE499ABC2C7FAE5B00BDB3C5 /* Screens */ = {
			isa = PBXGroup;
			children = (
				EE499ABD2C7FAE6200BDB3C5 /* GameView.swift */,
			);
			path = Screens;
			sourceTree = "<group>";
		};
		EE499ABF2C7FAF5200BDB3C5 /* Scenes */ = {
			isa = PBXGroup;
			children = (
				EE499AC02C7FAF5E00BDB3C5 /* SpinFortScene.swift */,
				EE499AC22C7FBB5E00BDB3C5 /* SportsSlotsScene.swift */,
				EE499AC42C80BC9600BDB3C5 /* GaloreGemsSlotScene.swift */,
			);
			path = Scenes;
			sourceTree = "<group>";
		};
		EE499AC62C80C1FD00BDB3C5 /* Shop */ = {
			isa = PBXGroup;
			children = (
				EE499AC72C80C21600BDB3C5 /* Product.storekit */,
				EE499AC82C80C22000BDB3C5 /* ShopView.swift */,
				EE499ACA2C80C22B00BDB3C5 /* ShopManager.swift */,
			);
			path = Shop;
			sourceTree = "<group>";
		};
		EE499AD02C80C8BF00BDB3C5 /* DailyBonus */ = {
			isa = PBXGroup;
			children = (
				EE499AD12C80C8D000BDB3C5 /* DailyBonusView.swift */,
				EE499AD32C80C8E000BDB3C5 /* DailyBonusManager.swift */,
			);
			path = DailyBonus;
			sourceTree = "<group>";
		};
/* End PBXGroup section */

/* Begin PBXNativeTarget section */
		EE499A9B2C7F9EAB00BDB3C5 /* Champion Games */ = {
			isa = PBXNativeTarget;
			buildConfigurationList = EE499AAA2C7F9EAD00BDB3C5 /* Build configuration list for PBXNativeTarget "Champion Games" */;
			buildPhases = (
				EE499A982C7F9EAB00BDB3C5 /* Sources */,
				EE499A992C7F9EAB00BDB3C5 /* Frameworks */,
				EE499A9A2C7F9EAB00BDB3C5 /* Resources */,
			);
			buildRules = (
			);
			dependencies = (
			);
			name = "Champion Games";
			productName = "Champion Slots";
			productReference = EE499A9C2C7F9EAB00BDB3C5 /* Champion Games.app */;
			productType = "com.apple.product-type.application";
		};
/* End PBXNativeTarget section */

/* Begin PBXProject section */
		EE499A942C7F9EAB00BDB3C5 /* Project object */ = {
			isa = PBXProject;
			attributes = {
				BuildIndependentTargetsInParallel = 1;
				LastSwiftUpdateCheck = 1540;
				LastUpgradeCheck = 1540;
				TargetAttributes = {
					EE499A9B2C7F9EAB00BDB3C5 = {
						CreatedOnToolsVersion = 15.4;
					};
				};
			};
			buildConfigurationList = EE499A972C7F9EAB00BDB3C5 /* Build configuration list for PBXProject "Champion Games" */;
			compatibilityVersion = "Xcode 14.0";
			developmentRegion = en;
			hasScannedForEncodings = 0;
			knownRegions = (
				en,
				Base,
			);
			mainGroup = EE499A932C7F9EAB00BDB3C5;
			productRefGroup = EE499A9D2C7F9EAB00BDB3C5 /* Products */;
			projectDirPath = "";
			projectRoot = "";
			targets = (
				EE499A9B2C7F9EAB00BDB3C5 /* Champion Games */,
			);
		};
/* End PBXProject section */

/* Begin PBXResourcesBuildPhase section */
		EE499A9A2C7F9EAB00BDB3C5 /* Resources */ = {
			isa = PBXResourcesBuildPhase;
			buildActionMask = 2147483647;
			files = (
				EE499AB22C7FA42000BDB3C5 /* Bungee-Regular.ttf in Resources */,
				EE499ACD2C80C3E700BDB3C5 /* ShopIds.plist in Resources */,
				EE499AA72C7F9EAD00BDB3C5 /* Preview Assets.xcassets in Resources */,
				EE499AA42C7F9EAD00BDB3C5 /* Assets.xcassets in Resources */,
			);
			runOnlyForDeploymentPostprocessing = 0;
		};
/* End PBXResourcesBuildPhase section */

/* Begin PBXSourcesBuildPhase section */
		EE499A982C7F9EAB00BDB3C5 /* Sources */ = {
			isa = PBXSourcesBuildPhase;
			buildActionMask = 2147483647;
			files = (
				EE499AC12C7FAF5E00BDB3C5 /* SpinFortScene.swift in Sources */,
				EE499AA22C7F9EAB00BDB3C5 /* ContentView.swift in Sources */,
				EE499ACB2C80C22B00BDB3C5 /* ShopManager.swift in Sources */,
				EE499AB62C7FA4D100BDB3C5 /* OnBoardingView.swift in Sources */,
				EE499AB02C7F9F0200BDB3C5 /* LoadGameSlotsView.swift in Sources */,
				EE499ABA2C7FAD4800BDB3C5 /* SlotsListView.swift in Sources */,
				EE499ACF2C80C4D700BDB3C5 /* UserManager.swift in Sources */,
				EE499AC52C80BC9600BDB3C5 /* GaloreGemsSlotScene.swift in Sources */,
				EE499AD22C80C8D000BDB3C5 /* DailyBonusView.swift in Sources */,
				EE499AD42C80C8E000BDB3C5 /* DailyBonusManager.swift in Sources */,
				EE499ABE2C7FAE6200BDB3C5 /* GameView.swift in Sources */,
				EE499AA02C7F9EAB00BDB3C5 /* Champion_SlotsApp.swift in Sources */,
				EE499AC92C80C22000BDB3C5 /* ShopView.swift in Sources */,
				EE499AC32C7FBB5E00BDB3C5 /* SportsSlotsScene.swift in Sources */,
			);
			runOnlyForDeploymentPostprocessing = 0;
		};
/* End PBXSourcesBuildPhase section */

/* Begin XCBuildConfiguration section */
		EE499AA82C7F9EAD00BDB3C5 /* Debug */ = {
			isa = XCBuildConfiguration;
			buildSettings = {
				ALWAYS_SEARCH_USER_PATHS = NO;
				ASSETCATALOG_COMPILER_GENERATE_SWIFT_ASSET_SYMBOL_EXTENSIONS = YES;
				CLANG_ANALYZER_NONNULL = YES;
				CLANG_ANALYZER_NUMBER_OBJECT_CONVERSION = YES_AGGRESSIVE;
				CLANG_CXX_LANGUAGE_STANDARD = "gnu++20";
				CLANG_ENABLE_MODULES = YES;
				CLANG_ENABLE_OBJC_ARC = YES;
				CLANG_ENABLE_OBJC_WEAK = YES;
				CLANG_WARN_BLOCK_CAPTURE_AUTORELEASING = YES;
				CLANG_WARN_BOOL_CONVERSION = YES;
				CLANG_WARN_COMMA = YES;
				CLANG_WARN_CONSTANT_CONVERSION = YES;
				CLANG_WARN_DEPRECATED_OBJC_IMPLEMENTATIONS = YES;
				CLANG_WARN_DIRECT_OBJC_ISA_USAGE = YES_ERROR;
				CLANG_WARN_DOCUMENTATION_COMMENTS = YES;
				CLANG_WARN_EMPTY_BODY = YES;
				CLANG_WARN_ENUM_CONVERSION = YES;
				CLANG_WARN_INFINITE_RECURSION = YES;
				CLANG_WARN_INT_CONVERSION = YES;
				CLANG_WARN_NON_LITERAL_NULL_CONVERSION = YES;
				CLANG_WARN_OBJC_IMPLICIT_RETAIN_SELF = YES;
				CLANG_WARN_OBJC_LITERAL_CONVERSION = YES;
				CLANG_WARN_OBJC_ROOT_CLASS = YES_ERROR;
				CLANG_WARN_QUOTED_INCLUDE_IN_FRAMEWORK_HEADER = YES;
				CLANG_WARN_RANGE_LOOP_ANALYSIS = YES;
				CLANG_WARN_STRICT_PROTOTYPES = YES;
				CLANG_WARN_SUSPICIOUS_MOVE = YES;
				CLANG_WARN_UNGUARDED_AVAILABILITY = YES_AGGRESSIVE;
				CLANG_WARN_UNREACHABLE_CODE = YES;
				CLANG_WARN__DUPLICATE_METHOD_MATCH = YES;
				COPY_PHASE_STRIP = NO;
				DEBUG_INFORMATION_FORMAT = dwarf;
				ENABLE_STRICT_OBJC_MSGSEND = YES;
				ENABLE_TESTABILITY = YES;
				ENABLE_USER_SCRIPT_SANDBOXING = YES;
				GCC_C_LANGUAGE_STANDARD = gnu17;
				GCC_DYNAMIC_NO_PIC = NO;
				GCC_NO_COMMON_BLOCKS = YES;
				GCC_OPTIMIZATION_LEVEL = 0;
				GCC_PREPROCESSOR_DEFINITIONS = (
					"DEBUG=1",
					"$(inherited)",
				);
				GCC_WARN_64_TO_32_BIT_CONVERSION = YES;
				GCC_WARN_ABOUT_RETURN_TYPE = YES_ERROR;
				GCC_WARN_UNDECLARED_SELECTOR = YES;
				GCC_WARN_UNINITIALIZED_AUTOS = YES_AGGRESSIVE;
				GCC_WARN_UNUSED_FUNCTION = YES;
				GCC_WARN_UNUSED_VARIABLE = YES;
				IPHONEOS_DEPLOYMENT_TARGET = 17.5;
				LOCALIZATION_PREFERS_STRING_CATALOGS = YES;
				MTL_ENABLE_DEBUG_INFO = INCLUDE_SOURCE;
				MTL_FAST_MATH = YES;
				ONLY_ACTIVE_ARCH = YES;
				SDKROOT = iphoneos;
				SWIFT_ACTIVE_COMPILATION_CONDITIONS = "DEBUG $(inherited)";
				SWIFT_OPTIMIZATION_LEVEL = "-Onone";
			};
			name = Debug;
		};
		EE499AA92C7F9EAD00BDB3C5 /* Release */ = {
			isa = XCBuildConfiguration;
			buildSettings = {
				ALWAYS_SEARCH_USER_PATHS = NO;
				ASSETCATALOG_COMPILER_GENERATE_SWIFT_ASSET_SYMBOL_EXTENSIONS = YES;
				CLANG_ANALYZER_NONNULL = YES;
				CLANG_ANALYZER_NUMBER_OBJECT_CONVERSION = YES_AGGRESSIVE;
				CLANG_CXX_LANGUAGE_STANDARD = "gnu++20";
				CLANG_ENABLE_MODULES = YES;
				CLANG_ENABLE_OBJC_ARC = YES;
				CLANG_ENABLE_OBJC_WEAK = YES;
				CLANG_WARN_BLOCK_CAPTURE_AUTORELEASING = YES;
				CLANG_WARN_BOOL_CONVERSION = YES;
				CLANG_WARN_COMMA = YES;
				CLANG_WARN_CONSTANT_CONVERSION = YES;
				CLANG_WARN_DEPRECATED_OBJC_IMPLEMENTATIONS = YES;
				CLANG_WARN_DIRECT_OBJC_ISA_USAGE = YES_ERROR;
				CLANG_WARN_DOCUMENTATION_COMMENTS = YES;
				CLANG_WARN_EMPTY_BODY = YES;
				CLANG_WARN_ENUM_CONVERSION = YES;
				CLANG_WARN_INFINITE_RECURSION = YES;
				CLANG_WARN_INT_CONVERSION = YES;
				CLANG_WARN_NON_LITERAL_NULL_CONVERSION = YES;
				CLANG_WARN_OBJC_IMPLICIT_RETAIN_SELF = YES;
				CLANG_WARN_OBJC_LITERAL_CONVERSION = YES;
				CLANG_WARN_OBJC_ROOT_CLASS = YES_ERROR;
				CLANG_WARN_QUOTED_INCLUDE_IN_FRAMEWORK_HEADER = YES;
				CLANG_WARN_RANGE_LOOP_ANALYSIS = YES;
				CLANG_WARN_STRICT_PROTOTYPES = YES;
				CLANG_WARN_SUSPICIOUS_MOVE = YES;
				CLANG_WARN_UNGUARDED_AVAILABILITY = YES_AGGRESSIVE;
				CLANG_WARN_UNREACHABLE_CODE = YES;
				CLANG_WARN__DUPLICATE_METHOD_MATCH = YES;
				COPY_PHASE_STRIP = NO;
				DEBUG_INFORMATION_FORMAT = "dwarf-with-dsym";
				ENABLE_NS_ASSERTIONS = NO;
				ENABLE_STRICT_OBJC_MSGSEND = YES;
				ENABLE_USER_SCRIPT_SANDBOXING = YES;
				GCC_C_LANGUAGE_STANDARD = gnu17;
				GCC_NO_COMMON_BLOCKS = YES;
				GCC_WARN_64_TO_32_BIT_CONVERSION = YES;
				GCC_WARN_ABOUT_RETURN_TYPE = YES_ERROR;
				GCC_WARN_UNDECLARED_SELECTOR = YES;
				GCC_WARN_UNINITIALIZED_AUTOS = YES_AGGRESSIVE;
				GCC_WARN_UNUSED_FUNCTION = YES;
				GCC_WARN_UNUSED_VARIABLE = YES;
				IPHONEOS_DEPLOYMENT_TARGET = 17.5;
				LOCALIZATION_PREFERS_STRING_CATALOGS = YES;
				MTL_ENABLE_DEBUG_INFO = NO;
				MTL_FAST_MATH = YES;
				SDKROOT = iphoneos;
				SWIFT_COMPILATION_MODE = wholemodule;
				VALIDATE_PRODUCT = YES;
			};
			name = Release;
		};
		EE499AAB2C7F9EAD00BDB3C5 /* Debug */ = {
			isa = XCBuildConfiguration;
			buildSettings = {
				ASSETCATALOG_COMPILER_APPICON_NAME = AppIcon;
				ASSETCATALOG_COMPILER_GLOBAL_ACCENT_COLOR_NAME = AccentColor;
				CODE_SIGN_STYLE = Automatic;
				CURRENT_PROJECT_VERSION = 1;
				DEVELOPMENT_ASSET_PATHS = "\"Champion Slots/Preview Content\"";
				DEVELOPMENT_TEAM = 4RSA42DBKQ;
				ENABLE_PREVIEWS = YES;
				GENERATE_INFOPLIST_FILE = YES;
				INFOPLIST_FILE = "Champion-Slots-Info.plist";
				INFOPLIST_KEY_UIApplicationSceneManifest_Generation = YES;
				INFOPLIST_KEY_UIApplicationSupportsIndirectInputEvents = YES;
				INFOPLIST_KEY_UILaunchScreen_Generation = YES;
				INFOPLIST_KEY_UISupportedInterfaceOrientations_iPad = "UIInterfaceOrientationPortrait UIInterfaceOrientationPortraitUpsideDown UIInterfaceOrientationLandscapeLeft UIInterfaceOrientationLandscapeRight";
				INFOPLIST_KEY_UISupportedInterfaceOrientations_iPhone = "UIInterfaceOrientationPortrait UIInterfaceOrientationLandscapeLeft UIInterfaceOrientationLandscapeRight";
				IPHONEOS_DEPLOYMENT_TARGET = 15.0;
				LD_RUNPATH_SEARCH_PATHS = (
					"$(inherited)",
					"@executable_path/Frameworks",
				);
				MARKETING_VERSION = 1.0;
				PRODUCT_BUNDLE_IDENTIFIER = "com.gamenation.Champion-Slots";
				PRODUCT_NAME = "$(TARGET_NAME)";
				SUPPORTED_PLATFORMS = "iphoneos iphonesimulator";
				SUPPORTS_MACCATALYST = NO;
				SUPPORTS_MAC_DESIGNED_FOR_IPHONE_IPAD = NO;
				SUPPORTS_XR_DESIGNED_FOR_IPHONE_IPAD = NO;
				SWIFT_EMIT_LOC_STRINGS = YES;
				SWIFT_VERSION = 5.0;
				TARGETED_DEVICE_FAMILY = 1;
			};
			name = Debug;
		};
		EE499AAC2C7F9EAD00BDB3C5 /* Release */ = {
			isa = XCBuildConfiguration;
			buildSettings = {
				ASSETCATALOG_COMPILER_APPICON_NAME = AppIcon;
				ASSETCATALOG_COMPILER_GLOBAL_ACCENT_COLOR_NAME = AccentColor;
				CODE_SIGN_STYLE = Automatic;
				CURRENT_PROJECT_VERSION = 1;
				DEVELOPMENT_ASSET_PATHS = "\"Champion Slots/Preview Content\"";
				DEVELOPMENT_TEAM = 4RSA42DBKQ;
				ENABLE_PREVIEWS = YES;
				GENERATE_INFOPLIST_FILE = YES;
				INFOPLIST_FILE = "Champion-Slots-Info.plist";
				INFOPLIST_KEY_UIApplicationSceneManifest_Generation = YES;
				INFOPLIST_KEY_UIApplicationSupportsIndirectInputEvents = YES;
				INFOPLIST_KEY_UILaunchScreen_Generation = YES;
				INFOPLIST_KEY_UISupportedInterfaceOrientations_iPad = "UIInterfaceOrientationPortrait UIInterfaceOrientationPortraitUpsideDown UIInterfaceOrientationLandscapeLeft UIInterfaceOrientationLandscapeRight";
				INFOPLIST_KEY_UISupportedInterfaceOrientations_iPhone = "UIInterfaceOrientationPortrait UIInterfaceOrientationLandscapeLeft UIInterfaceOrientationLandscapeRight";
				IPHONEOS_DEPLOYMENT_TARGET = 15.0;
				LD_RUNPATH_SEARCH_PATHS = (
					"$(inherited)",
					"@executable_path/Frameworks",
				);
				MARKETING_VERSION = 1.0;
				PRODUCT_BUNDLE_IDENTIFIER = "com.gamenation.Champion-Slots";
				PRODUCT_NAME = "$(TARGET_NAME)";
				SUPPORTED_PLATFORMS = "iphoneos iphonesimulator";
				SUPPORTS_MACCATALYST = NO;
				SUPPORTS_MAC_DESIGNED_FOR_IPHONE_IPAD = NO;
				SUPPORTS_XR_DESIGNED_FOR_IPHONE_IPAD = NO;
				SWIFT_EMIT_LOC_STRINGS = YES;
				SWIFT_VERSION = 5.0;
				TARGETED_DEVICE_FAMILY = 1;
			};
			name = Release;
		};
/* End XCBuildConfiguration section */

/* Begin XCConfigurationList section */
		EE499A972C7F9EAB00BDB3C5 /* Build configuration list for PBXProject "Champion Games" */ = {
			isa = XCConfigurationList;
			buildConfigurations = (
				EE499AA82C7F9EAD00BDB3C5 /* Debug */,
				EE499AA92C7F9EAD00BDB3C5 /* Release */,
			);
			defaultConfigurationIsVisible = 0;
			defaultConfigurationName = Release;
		};
		EE499AAA2C7F9EAD00BDB3C5 /* Build configuration list for PBXNativeTarget "Champion Games" */ = {
			isa = XCConfigurationList;
			buildConfigurations = (
				EE499AAB2C7F9EAD00BDB3C5 /* Debug */,
				EE499AAC2C7F9EAD00BDB3C5 /* Release */,
			);
			defaultConfigurationIsVisible = 0;
			defaultConfigurationName = Release;
		};
/* End XCConfigurationList section */
	};
	rootObject = EE499A942C7F9EAB00BDB3C5 /* Project object */;
}
